// !$*UTF8*$!
{
	archiveVersion = 1;
	classes = {
	};
	objectVersion = 50;
	objects = {

/* Begin PBXBuildFile section */
		1D05DB9121F8339400B55FEE /* AppDelegate.m in Sources */ = {isa = PBXBuildFile; fileRef = 1D05DB9021F8339400B55FEE /* AppDelegate.m */; };
		1D05DB9421F8339400B55FEE /* ViewController.m in Sources */ = {isa = PBXBuildFile; fileRef = 1D05DB9321F8339400B55FEE /* ViewController.m */; };
		1D05DB9721F8339400B55FEE /* Main.storyboard in Resources */ = {isa = PBXBuildFile; fileRef = 1D05DB9521F8339400B55FEE /* Main.storyboard */; };
		1D05DB9921F8339500B55FEE /* Assets.xcassets in Resources */ = {isa = PBXBuildFile; fileRef = 1D05DB9821F8339500B55FEE /* Assets.xcassets */; };
		1D05DB9C21F8339500B55FEE /* LaunchScreen.storyboard in Resources */ = {isa = PBXBuildFile; fileRef = 1D05DB9A21F8339500B55FEE /* LaunchScreen.storyboard */; };
		1D05DB9F21F8339500B55FEE /* main.m in Sources */ = {isa = PBXBuildFile; fileRef = 1D05DB9E21F8339500B55FEE /* main.m */; };
		1D4CAE66224C943000ADB8E6 /* BKPickerToolsView.m in Sources */ = {isa = PBXBuildFile; fileRef = 1D4CAE58224C943000ADB8E6 /* BKPickerToolsView.m */; };
		1D4CAE67224C943000ADB8E6 /* NSDate+BKPickerView.m in Sources */ = {isa = PBXBuildFile; fileRef = 1D4CAE5A224C943000ADB8E6 /* NSDate+BKPickerView.m */; };
		1D4CAE68224C943000ADB8E6 /* BKPickerSelectDateTools.m in Sources */ = {isa = PBXBuildFile; fileRef = 1D4CAE5B224C943000ADB8E6 /* BKPickerSelectDateTools.m */; };
		1D4CAE69224C943000ADB8E6 /* BKPickerReusingModel.m in Sources */ = {isa = PBXBuildFile; fileRef = 1D4CAE5D224C943000ADB8E6 /* BKPickerReusingModel.m */; };
		1D4CAE6A224C943000ADB8E6 /* BKPickerView.m in Sources */ = {isa = PBXBuildFile; fileRef = 1D4CAE61224C943000ADB8E6 /* BKPickerView.m */; };
		1D4CAE6B224C943000ADB8E6 /* BKPickerConstant.m in Sources */ = {isa = PBXBuildFile; fileRef = 1D4CAE62224C943000ADB8E6 /* BKPickerConstant.m */; };
		1D4CAE6C224C943000ADB8E6 /* UIView+BKPickerView.m in Sources */ = {isa = PBXBuildFile; fileRef = 1D4CAE64224C943000ADB8E6 /* UIView+BKPickerView.m */; };
/* End PBXBuildFile section */

/* Begin PBXFileReference section */
		1D05DB8C21F8339400B55FEE /* BKPickerView.app */ = {isa = PBXFileReference; explicitFileType = wrapper.application; includeInIndex = 0; path = BKPickerView.app; sourceTree = BUILT_PRODUCTS_DIR; };
		1D05DB8F21F8339400B55FEE /* AppDelegate.h */ = {isa = PBXFileReference; lastKnownFileType = sourcecode.c.h; path = AppDelegate.h; sourceTree = "<group>"; };
		1D05DB9021F8339400B55FEE /* AppDelegate.m */ = {isa = PBXFileReference; lastKnownFileType = sourcecode.c.objc; path = AppDelegate.m; sourceTree = "<group>"; };
		1D05DB9221F8339400B55FEE /* ViewController.h */ = {isa = PBXFileReference; lastKnownFileType = sourcecode.c.h; path = ViewController.h; sourceTree = "<group>"; };
		1D05DB9321F8339400B55FEE /* ViewController.m */ = {isa = PBXFileReference; lastKnownFileType = sourcecode.c.objc; path = ViewController.m; sourceTree = "<group>"; };
		1D05DB9621F8339400B55FEE /* Base */ = {isa = PBXFileReference; lastKnownFileType = file.storyboard; name = Base; path = Base.lproj/Main.storyboard; sourceTree = "<group>"; };
		1D05DB9821F8339500B55FEE /* Assets.xcassets */ = {isa = PBXFileReference; lastKnownFileType = folder.assetcatalog; path = Assets.xcassets; sourceTree = "<group>"; };
		1D05DB9B21F8339500B55FEE /* Base */ = {isa = PBXFileReference; lastKnownFileType = file.storyboard; name = Base; path = Base.lproj/LaunchScreen.storyboard; sourceTree = "<group>"; };
		1D05DB9D21F8339500B55FEE /* Info.plist */ = {isa = PBXFileReference; lastKnownFileType = text.plist.xml; path = Info.plist; sourceTree = "<group>"; };
		1D05DB9E21F8339500B55FEE /* main.m */ = {isa = PBXFileReference; lastKnownFileType = sourcecode.c.objc; path = main.m; sourceTree = "<group>"; };
		1D4CAE58224C943000ADB8E6 /* BKPickerToolsView.m */ = {isa = PBXFileReference; fileEncoding = 4; lastKnownFileType = sourcecode.c.objc; path = BKPickerToolsView.m; sourceTree = "<group>"; };
		1D4CAE59224C943000ADB8E6 /* UIView+BKPickerView.h */ = {isa = PBXFileReference; fileEncoding = 4; lastKnownFileType = sourcecode.c.h; path = "UIView+BKPickerView.h"; sourceTree = "<group>"; };
		1D4CAE5A224C943000ADB8E6 /* NSDate+BKPickerView.m */ = {isa = PBXFileReference; fileEncoding = 4; lastKnownFileType = sourcecode.c.objc; path = "NSDate+BKPickerView.m"; sourceTree = "<group>"; };
		1D4CAE5B224C943000ADB8E6 /* BKPickerSelectDateTools.m */ = {isa = PBXFileReference; fileEncoding = 4; lastKnownFileType = sourcecode.c.objc; path = BKPickerSelectDateTools.m; sourceTree = "<group>"; };
		1D4CAE5C224C943000ADB8E6 /* BKPickerConstant.h */ = {isa = PBXFileReference; fileEncoding = 4; lastKnownFileType = sourcecode.c.h; path = BKPickerConstant.h; sourceTree = "<group>"; };
		1D4CAE5D224C943000ADB8E6 /* BKPickerReusingModel.m */ = {isa = PBXFileReference; fileEncoding = 4; lastKnownFileType = sourcecode.c.objc; path = BKPickerReusingModel.m; sourceTree = "<group>"; };
		1D4CAE5E224C943000ADB8E6 /* BKPickerSelectDateTools.h */ = {isa = PBXFileReference; fileEncoding = 4; lastKnownFileType = sourcecode.c.h; path = BKPickerSelectDateTools.h; sourceTree = "<group>"; };
		1D4CAE5F224C943000ADB8E6 /* NSDate+BKPickerView.h */ = {isa = PBXFileReference; fileEncoding = 4; lastKnownFileType = sourcecode.c.h; path = "NSDate+BKPickerView.h"; sourceTree = "<group>"; };
		1D4CAE60224C943000ADB8E6 /* BKPickerReusingModel.h */ = {isa = PBXFileReference; fileEncoding = 4; lastKnownFileType = sourcecode.c.h; path = BKPickerReusingModel.h; sourceTree = "<group>"; };
		1D4CAE61224C943000ADB8E6 /* BKPickerView.m */ = {isa = PBXFileReference; fileEncoding = 4; lastKnownFileType = sourcecode.c.objc; path = BKPickerView.m; sourceTree = "<group>"; };
		1D4CAE62224C943000ADB8E6 /* BKPickerConstant.m */ = {isa = PBXFileReference; fileEncoding = 4; lastKnownFileType = sourcecode.c.objc; path = BKPickerConstant.m; sourceTree = "<group>"; };
		1D4CAE63224C943000ADB8E6 /* BKPickerView.h */ = {isa = PBXFileReference; fileEncoding = 4; lastKnownFileType = sourcecode.c.h; path = BKPickerView.h; sourceTree = "<group>"; };
		1D4CAE64224C943000ADB8E6 /* UIView+BKPickerView.m */ = {isa = PBXFileReference; fileEncoding = 4; lastKnownFileType = sourcecode.c.objc; path = "UIView+BKPickerView.m"; sourceTree = "<group>"; };
		1D4CAE65224C943000ADB8E6 /* BKPickerToolsView.h */ = {isa = PBXFileReference; fileEncoding = 4; lastKnownFileType = sourcecode.c.h; path = BKPickerToolsView.h; sourceTree = "<group>"; };
/* End PBXFileReference section */

/* Begin PBXFrameworksBuildPhase section */
		1D05DB8921F8339400B55FEE /* Frameworks */ = {
			isa = PBXFrameworksBuildPhase;
			buildActionMask = 2147483647;
			files = (
			);
			runOnlyForDeploymentPostprocessing = 0;
		};
/* End PBXFrameworksBuildPhase section */

/* Begin PBXGroup section */
		1D05DB8321F8339400B55FEE = {
			isa = PBXGroup;
			children = (
				1D05DB8E21F8339400B55FEE /* BKPickerView */,
				1D05DB8D21F8339400B55FEE /* Products */,
			);
			sourceTree = "<group>";
		};
		1D05DB8D21F8339400B55FEE /* Products */ = {
			isa = PBXGroup;
			children = (
				1D05DB8C21F8339400B55FEE /* BKPickerView.app */,
			);
			name = Products;
			sourceTree = "<group>";
		};
		1D05DB8E21F8339400B55FEE /* BKPickerView */ = {
			isa = PBXGroup;
			children = (
				1D05DBA521F833C500B55FEE /* BKPickerView */,
				1D05DB8F21F8339400B55FEE /* AppDelegate.h */,
				1D05DB9021F8339400B55FEE /* AppDelegate.m */,
				1D05DB9221F8339400B55FEE /* ViewController.h */,
				1D05DB9321F8339400B55FEE /* ViewController.m */,
				1D05DB9521F8339400B55FEE /* Main.storyboard */,
				1D05DB9821F8339500B55FEE /* Assets.xcassets */,
				1D05DB9A21F8339500B55FEE /* LaunchScreen.storyboard */,
				1D05DB9D21F8339500B55FEE /* Info.plist */,
				1D05DB9E21F8339500B55FEE /* main.m */,
			);
			path = BKPickerView;
			sourceTree = "<group>";
		};
		1D05DBA521F833C500B55FEE /* BKPickerView */ = {
			isa = PBXGroup;
			children = (
				1D4CAE5C224C943000ADB8E6 /* BKPickerConstant.h */,
				1D4CAE62224C943000ADB8E6 /* BKPickerConstant.m */,
				1D4CAE60224C943000ADB8E6 /* BKPickerReusingModel.h */,
				1D4CAE5D224C943000ADB8E6 /* BKPickerReusingModel.m */,
				1D4CAE5E224C943000ADB8E6 /* BKPickerSelectDateTools.h */,
				1D4CAE5B224C943000ADB8E6 /* BKPickerSelectDateTools.m */,
				1D4CAE65224C943000ADB8E6 /* BKPickerToolsView.h */,
				1D4CAE58224C943000ADB8E6 /* BKPickerToolsView.m */,
				1D4CAE63224C943000ADB8E6 /* BKPickerView.h */,
				1D4CAE61224C943000ADB8E6 /* BKPickerView.m */,
				1D4CAE5F224C943000ADB8E6 /* NSDate+BKPickerView.h */,
				1D4CAE5A224C943000ADB8E6 /* NSDate+BKPickerView.m */,
				1D4CAE59224C943000ADB8E6 /* UIView+BKPickerView.h */,
				1D4CAE64224C943000ADB8E6 /* UIView+BKPickerView.m */,
			);
			path = BKPickerView;
			sourceTree = "<group>";
		};
/* End PBXGroup section */

/* Begin PBXNativeTarget section */
		1D05DB8B21F8339400B55FEE /* BKPickerView */ = {
			isa = PBXNativeTarget;
			buildConfigurationList = 1D05DBA221F8339500B55FEE /* Build configuration list for PBXNativeTarget "BKPickerView" */;
			buildPhases = (
				1D05DB8821F8339400B55FEE /* Sources */,
				1D05DB8921F8339400B55FEE /* Frameworks */,
				1D05DB8A21F8339400B55FEE /* Resources */,
			);
			buildRules = (
			);
			dependencies = (
			);
			name = BKPickerView;
			productName = BKPickerView;
			productReference = 1D05DB8C21F8339400B55FEE /* BKPickerView.app */;
			productType = "com.apple.product-type.application";
		};
/* End PBXNativeTarget section */

/* Begin PBXProject section */
		1D05DB8421F8339400B55FEE /* Project object */ = {
			isa = PBXProject;
			attributes = {
				LastUpgradeCheck = 1010;
				ORGANIZATIONNAME = BIKE;
				TargetAttributes = {
					1D05DB8B21F8339400B55FEE = {
						CreatedOnToolsVersion = 10.1;
					};
				};
			};
			buildConfigurationList = 1D05DB8721F8339400B55FEE /* Build configuration list for PBXProject "BKPickerView" */;
			compatibilityVersion = "Xcode 9.3";
			developmentRegion = en;
			hasScannedForEncodings = 0;
			knownRegions = (
				en,
				Base,
			);
			mainGroup = 1D05DB8321F8339400B55FEE;
			productRefGroup = 1D05DB8D21F8339400B55FEE /* Products */;
			projectDirPath = "";
			projectRoot = "";
			targets = (
				1D05DB8B21F8339400B55FEE /* BKPickerView */,
			);
		};
/* End PBXProject section */

/* Begin PBXResourcesBuildPhase section */
		1D05DB8A21F8339400B55FEE /* Resources */ = {
			isa = PBXResourcesBuildPhase;
			buildActionMask = 2147483647;
			files = (
				1D05DB9C21F8339500B55FEE /* LaunchScreen.storyboard in Resources */,
				1D05DB9921F8339500B55FEE /* Assets.xcassets in Resources */,
				1D05DB9721F8339400B55FEE /* Main.storyboard in Resources */,
			);
			runOnlyForDeploymentPostprocessing = 0;
		};
/* End PBXResourcesBuildPhase section */

/* Begin PBXSourcesBuildPhase section */
		1D05DB8821F8339400B55FEE /* Sources */ = {
			isa = PBXSourcesBuildPhase;
			buildActionMask = 2147483647;
			files = (
				1D05DB9421F8339400B55FEE /* ViewController.m in Sources */,
				1D4CAE66224C943000ADB8E6 /* BKPickerToolsView.m in Sources */,
				1D4CAE6B224C943000ADB8E6 /* BKPickerConstant.m in Sources */,
				1D4CAE67224C943000ADB8E6 /* NSDate+BKPickerView.m in Sources */,
				1D05DB9F21F8339500B55FEE /* main.m in Sources */,
				1D4CAE68224C943000ADB8E6 /* BKPickerSelectDateTools.m in Sources */,
				1D4CAE6C224C943000ADB8E6 /* UIView+BKPickerView.m in Sources */,
				1D05DB9121F8339400B55FEE /* AppDelegate.m in Sources */,
				1D4CAE69224C943000ADB8E6 /* BKPickerReusingModel.m in Sources */,
				1D4CAE6A224C943000ADB8E6 /* BKPickerView.m in Sources */,
			);
			runOnlyForDeploymentPostprocessing = 0;
		};
/* End PBXSourcesBuildPhase section */

/* Begin PBXVariantGroup section */
		1D05DB9521F8339400B55FEE /* Main.storyboard */ = {
			isa = PBXVariantGroup;
			children = (
				1D05DB9621F8339400B55FEE /* Base */,
			);
			name = Main.storyboard;
			sourceTree = "<group>";
		};
		1D05DB9A21F8339500B55FEE /* LaunchScreen.storyboard */ = {
			isa = PBXVariantGroup;
			children = (
				1D05DB9B21F8339500B55FEE /* Base */,
			);
			name = LaunchScreen.storyboard;
			sourceTree = "<group>";
		};
/* End PBXVariantGroup section */

/* Begin XCBuildConfiguration section */
		1D05DBA021F8339500B55FEE /* Debug */ = {
			isa = XCBuildConfiguration;
			buildSettings = {
				ALWAYS_SEARCH_USER_PATHS = NO;
				CLANG_ANALYZER_NONNULL = YES;
				CLANG_ANALYZER_NUMBER_OBJECT_CONVERSION = YES_AGGRESSIVE;
				CLANG_CXX_LANGUAGE_STANDARD = "gnu++14";
				CLANG_CXX_LIBRARY = "libc++";
				CLANG_ENABLE_MODULES = YES;
				CLANG_ENABLE_OBJC_ARC = YES;
				CLANG_ENABLE_OBJC_WEAK = YES;
				CLANG_WARN_BLOCK_CAPTURE_AUTORELEASING = YES;
				CLANG_WARN_BOOL_CONVERSION = YES;
				CLANG_WARN_COMMA = YES;
				CLANG_WARN_CONSTANT_CONVERSION = YES;
				CLANG_WARN_DEPRECATED_OBJC_IMPLEMENTATIONS = YES;
				CLANG_WARN_DIRECT_OBJC_ISA_USAGE = YES_ERROR;
				CLANG_WARN_DOCUMENTATION_COMMENTS = YES;
				CLANG_WARN_EMPTY_BODY = YES;
				CLANG_WARN_ENUM_CONVERSION = YES;
				CLANG_WARN_INFINITE_RECURSION = YES;
				CLANG_WARN_INT_CONVERSION = YES;
				CLANG_WARN_NON_LITERAL_NULL_CONVERSION = YES;
				CLANG_WARN_OBJC_IMPLICIT_RETAIN_SELF = YES;
				CLANG_WARN_OBJC_LITERAL_CONVERSION = YES;
				CLANG_WARN_OBJC_ROOT_CLASS = YES_ERROR;
				CLANG_WARN_RANGE_LOOP_ANALYSIS = YES;
				CLANG_WARN_STRICT_PROTOTYPES = YES;
				CLANG_WARN_SUSPICIOUS_MOVE = YES;
				CLANG_WARN_UNGUARDED_AVAILABILITY = YES_AGGRESSIVE;
				CLANG_WARN_UNREACHABLE_CODE = YES;
				CLANG_WARN__DUPLICATE_METHOD_MATCH = YES;
				CODE_SIGN_IDENTITY = "iPhone Developer";
				COPY_PHASE_STRIP = NO;
				DEBUG_INFORMATION_FORMAT = dwarf;
				ENABLE_STRICT_OBJC_MSGSEND = YES;
				ENABLE_TESTABILITY = YES;
				GCC_C_LANGUAGE_STANDARD = gnu11;
				GCC_DYNAMIC_NO_PIC = NO;
				GCC_NO_COMMON_BLOCKS = YES;
				GCC_OPTIMIZATION_LEVEL = 0;
				GCC_PREPROCESSOR_DEFINITIONS = (
					"DEBUG=1",
					"$(inherited)",
				);
				GCC_WARN_64_TO_32_BIT_CONVERSION = YES;
				GCC_WARN_ABOUT_RETURN_TYPE = YES_ERROR;
				GCC_WARN_UNDECLARED_SELECTOR = YES;
				GCC_WARN_UNINITIALIZED_AUTOS = YES_AGGRESSIVE;
				GCC_WARN_UNUSED_FUNCTION = YES;
				GCC_WARN_UNUSED_VARIABLE = YES;
				IPHONEOS_DEPLOYMENT_TARGET = 12.1;
				MTL_ENABLE_DEBUG_INFO = INCLUDE_SOURCE;
				MTL_FAST_MATH = YES;
				ONLY_ACTIVE_ARCH = YES;
				SDKROOT = iphoneos;
			};
			name = Debug;
		};
		1D05DBA121F8339500B55FEE /* Release */ = {
			isa = XCBuildConfiguration;
			buildSettings = {
				ALWAYS_SEARCH_USER_PATHS = NO;
				CLANG_ANALYZER_NONNULL = YES;
				CLANG_ANALYZER_NUMBER_OBJECT_CONVERSION = YES_AGGRESSIVE;
				CLANG_CXX_LANGUAGE_STANDARD = "gnu++14";
				CLANG_CXX_LIBRARY = "libc++";
				CLANG_ENABLE_MODULES = YES;
				CLANG_ENABLE_OBJC_ARC = YES;
				CLANG_ENABLE_OBJC_WEAK = YES;
				CLANG_WARN_BLOCK_CAPTURE_AUTORELEASING = YES;
				CLANG_WARN_BOOL_CONVERSION = YES;
				CLANG_WARN_COMMA = YES;
				CLANG_WARN_CONSTANT_CONVERSION = YES;
				CLANG_WARN_DEPRECATED_OBJC_IMPLEMENTATIONS = YES;
				CLANG_WARN_DIRECT_OBJC_ISA_USAGE = YES_ERROR;
				CLANG_WARN_DOCUMENTATION_COMMENTS = YES;
				CLANG_WARN_EMPTY_BODY = YES;
				CLANG_WARN_ENUM_CONVERSION = YES;
				CLANG_WARN_INFINITE_RECURSION = YES;
				CLANG_WARN_INT_CONVERSION = YES;
				CLANG_WARN_NON_LITERAL_NULL_CONVERSION = YES;
				CLANG_WARN_OBJC_IMPLICIT_RETAIN_SELF = YES;
				CLANG_WARN_OBJC_LITERAL_CONVERSION = YES;
				CLANG_WARN_OBJC_ROOT_CLASS = YES_ERROR;
				CLANG_WARN_RANGE_LOOP_ANALYSIS = YES;
				CLANG_WARN_STRICT_PROTOTYPES = YES;
				CLANG_WARN_SUSPICIOUS_MOVE = YES;
				CLANG_WARN_UNGUARDED_AVAILABILITY = YES_AGGRESSIVE;
				CLANG_WARN_UNREACHABLE_CODE = YES;
				CLANG_WARN__DUPLICATE_METHOD_MATCH = YES;
				CODE_SIGN_IDENTITY = "iPhone Developer";
				COPY_PHASE_STRIP = NO;
				DEBUG_INFORMATION_FORMAT = "dwarf-with-dsym";
				ENABLE_NS_ASSERTIONS = NO;
				ENABLE_STRICT_OBJC_MSGSEND = YES;
				GCC_C_LANGUAGE_STANDARD = gnu11;
				GCC_NO_COMMON_BLOCKS = YES;
				GCC_WARN_64_TO_32_BIT_CONVERSION = YES;
				GCC_WARN_ABOUT_RETURN_TYPE = YES_ERROR;
				GCC_WARN_UNDECLARED_SELECTOR = YES;
				GCC_WARN_UNINITIALIZED_AUTOS = YES_AGGRESSIVE;
				GCC_WARN_UNUSED_FUNCTION = YES;
				GCC_WARN_UNUSED_VARIABLE = YES;
				IPHONEOS_DEPLOYMENT_TARGET = 12.1;
				MTL_ENABLE_DEBUG_INFO = NO;
				MTL_FAST_MATH = YES;
				SDKROOT = iphoneos;
				VALIDATE_PRODUCT = YES;
			};
			name = Release;
		};
		1D05DBA321F8339500B55FEE /* Debug */ = {
			isa = XCBuildConfiguration;
			buildSettings = {
				ASSETCATALOG_COMPILER_APPICON_NAME = AppIcon;
				CODE_SIGN_IDENTITY = "iPhone Developer";
				CODE_SIGN_STYLE = Automatic;
				DEVELOPMENT_TEAM = 779S864B3K;
				INFOPLIST_FILE = BKPickerView/Info.plist;
				IPHONEOS_DEPLOYMENT_TARGET = 9.0;
				LD_RUNPATH_SEARCH_PATHS = (
					"$(inherited)",
					"@executable_path/Frameworks",
				);
				PRODUCT_BUNDLE_IDENTIFIER = BIKE.BKPickerView;
				PRODUCT_NAME = "$(TARGET_NAME)";
				PROVISIONING_PROFILE_SPECIFIER = "";
				TARGETED_DEVICE_FAMILY = "1,2";
			};
			name = Debug;
		};
		1D05DBA421F8339500B55FEE /* Release */ = {
			isa = XCBuildConfiguration;
			buildSettings = {
				ASSETCATALOG_COMPILER_APPICON_NAME = AppIcon;
				CODE_SIGN_IDENTITY = "iPhone Developer";
				CODE_SIGN_STYLE = Automatic;
				DEVELOPMENT_TEAM = 779S864B3K;
				INFOPLIST_FILE = BKPickerView/Info.plist;
				IPHONEOS_DEPLOYMENT_TARGET = 9.0;
				LD_RUNPATH_SEARCH_PATHS = (
					"$(inherited)",
					"@executable_path/Frameworks",
				);
				PRODUCT_BUNDLE_IDENTIFIER = BIKE.BKPickerView;
				PRODUCT_NAME = "$(TARGET_NAME)";
				PROVISIONING_PROFILE_SPECIFIER = "";
				TARGETED_DEVICE_FAMILY = "1,2";
			};
			name = Release;
		};
/* End XCBuildConfiguration section */

/* Begin XCConfigurationList section */
		1D05DB8721F8339400B55FEE /* Build configuration list for PBXProject "BKPickerView" */ = {
			isa = XCConfigurationList;
			buildConfigurations = (
				1D05DBA021F8339500B55FEE /* Debug */,
				1D05DBA121F8339500B55FEE /* Release */,
			);
			defaultConfigurationIsVisible = 0;
			defaultConfigurationName = Release;
		};
		1D05DBA221F8339500B55FEE /* Build configuration list for PBXNativeTarget "BKPickerView" */ = {
			isa = XCConfigurationList;
			buildConfigurations = (
				1D05DBA321F8339500B55FEE /* Debug */,
				1D05DBA421F8339500B55FEE /* Release */,
			);
			defaultConfigurationIsVisible = 0;
			defaultConfigurationName = Release;
		};
/* End XCConfigurationList section */
	};
	rootObject = 1D05DB8421F8339400B55FEE /* Project object */;
}
